
Microsoft Visual Studio Solution File, Format Version 12.00
# Visual Studio Version 16
VisualStudioVersion = 16.0.30413.136
MinimumVisualStudioVersion = 10.0.40219.1
Project("{FAE04EC0-301F-11D3-BF4B-00C04F79EFBC}") = "EjerciciosCSharp", "EjerciciosCSharp\EjerciciosCSharp.csproj", "{45874288-BBC0-4060-8110-A1C251A420E9}"
EndProject
Global
	GlobalSection(SolutionConfigurationPlatforms) = preSolution
		Debug|Any CPU = Debug|Any CPU
		Release|Any CPU = Release|Any CPU
	EndGlobalSection
	GlobalSection(ProjectConfigurationPlatforms) = postSolution
		{45874288-BBC0-4060-8110-A1C251A420E9}.Debug|Any CPU.ActiveCfg = Debug|Any CPU
		{45874288-BBC0-4060-8110-A1C251A420E9}.Debug|Any CPU.Build.0 = Debug|Any CPU
		{45874288-BBC0-4060-8110-A1C251A420E9}.Release|Any CPU.ActiveCfg = Release|Any CPU
		{45874288-BBC0-4060-8110-A1C251A420E9}.Release|Any CPU.Build.0 = Release|Any CPU
	EndGlobalSection
	GlobalSection(SolutionProperties) = preSolution
		HideSolutionNode = FALSE
	EndGlobalSection
	GlobalSection(ExtensibilityGlobals) = postSolution
		SolutionGuid = {69E2522A-A531-4F0C-B0BF-0AE7CA6C7F53}
	EndGlobalSection
EndGlobal
